<?xml version="1.0" encoding="utf-8"?>
<Project ToolsVersion="4.0" xmlns="http://schemas.microsoft.com/developer/msbuild/2003">
  <ItemGroup>
    <Filter Include="Исходные файлы">
      <UniqueIdentifier>{4FC737F1-C7A5-4376-A066-2A32D752A2FF}</UniqueIdentifier>
      <Extensions>cpp;c;cc;cxx;c++;cppm;ixx;def;odl;idl;hpj;bat;asm;asmx</Extensions>
    </Filter>
    <Filter Include="Файлы заголовков">
      <UniqueIdentifier>{93995380-89BD-4b04-88EB-625FBE52EBFB}</UniqueIdentifier>
      <Extensions>h;hh;hpp;hxx;h++;hm;inl;inc;ipp;xsd</Extensions>
    </Filter>
    <Filter Include="Файлы ресурсов">
      <UniqueIdentifier>{67DA6AB6-F800-4c08-8B7A-83BB121AAD01}</UniqueIdentifier>
      <Extensions>rc;ico;cur;bmp;dlg;rc2;rct;bin;rgs;gif;jpg;jpeg;jpe;resx;tiff;tif;png;wav;mfcribbon-ms</Extensions>
    </Filter>
    <Filter Include="Файлы заголовков\FunctionClasses">
      <UniqueIdentifier>{30bf66a4-b13c-4d56-b5c4-8031a7632914}</UniqueIdentifier>
    </Filter>
    <Filter Include="Файлы заголовков\GameElements">
      <UniqueIdentifier>{ce3a7747-938a-4da7-8f7e-85ca5090d69c}</UniqueIdentifier>
    </Filter>
    <Filter Include="Файлы заголовков\GameLevels">
      <UniqueIdentifier>{5f7e35da-d624-4660-8905-5970c049b19c}</UniqueIdentifier>
    </Filter>
  </ItemGroup>
  <ItemGroup>
    <ClCompile Include="code\Main\FlappyBird.cpp">
      <Filter>Исходные файлы</Filter>
    </ClCompile>
  </ItemGroup>
  <ItemGroup>
    <ClInclude Include="code\FunctionClasses\Reading_writing_file.h">
      <Filter>Файлы заголовков\FunctionClasses</Filter>
    </ClInclude>
    <ClInclude Include="code\GameElements\Assets.h">
      <Filter>Файлы заголовков\GameElements</Filter>
    </ClInclude>
    <ClInclude Include="code\GameElements\Game_over.h">
      <Filter>Файлы заголовков\GameElements</Filter>
    </ClInclude>
    <ClInclude Include="code\GameElements\Message_get_ready.h">
      <Filter>Файлы заголовков\GameElements</Filter>
    </ClInclude>
    <ClInclude Include="code\GameElements\Pipes.h">
      <Filter>Файлы заголовков\GameElements</Filter>
    </ClInclude>
    <ClInclude Include="code\GameElements\Player.h">
      <Filter>Файлы заголовков\GameElements</Filter>
    </ClInclude>
    <ClInclude Include="code\GameElements\Sound_Assets.h">
      <Filter>Файлы заголовков\GameElements</Filter>
    </ClInclude>
    <ClInclude Include="code\GameElements\Surface.h">
      <Filter>Файлы заголовков\GameElements</Filter>
    </ClInclude>
    <ClInclude Include="code\GameLevels\Level_game.h">
      <Filter>Файлы заголовков\GameLevels</Filter>
    </ClInclude>
    <ClInclude Include="code\GameLevels\Menu.h">
      <Filter>Файлы заголовков\GameLevels</Filter>
    </ClInclude>
    <ClInclude Include="code\GameLevels\Scores.h">
      <Filter>Файлы заголовков\GameLevels</Filter>
    </ClInclude>
    <ClInclude Include="code\GameLevels\Settings.h">
      <Filter>Файлы заголовков\GameLevels</Filter>
    </ClInclude>
  </ItemGroup>
</Project>